# This file is automatically @generated by Cargo.
# It is not intended for manual editing.
version = 4

[[package]]
name = "dictionary-compiler"
version = "0.0.0"

[[package]]
name = "langcheck-app"
version = "0.0.0"
dependencies = [
 "langcheck-core",
 "langcheck-lexicon",
 "langcheck-windows",
]

[[package]]
name = "langcheck-bench"
version = "0.0.0"
dependencies = [
 "langcheck-core",
 "langcheck-lexicon",
]

[[package]]
name = "langcheck-core"
version = "0.0.0"

[[package]]
name = "langcheck-lexicon"
version = "0.0.0"
dependencies = [
 "langcheck-core",
]

[[package]]
name = "langcheck-windows"
version = "0.0.0"
dependencies = [
 "langcheck-core",
]
